
Microsoft Visual Studio Solution File, Format Version 12.00
# Visual Studio Version 17
VisualStudioVersion = 17.8.34511.84
MinimumVisualStudioVersion = 10.0.40219.1
Project("{9A19103F-16F7-4668-BE54-9A1E7A4F7556}") = "StudentRegister", "StudentRegister\StudentRegister.csproj", "{56F8F7A9-56F7-41DC-A921-188538615698}"
EndProject
Project("{9A19103F-16F7-4668-BE54-9A1E7A4F7556}") = "StudentRegister.Client", "StudentRegister.Client\StudentRegister.Client.csproj", "{2470EF8D-9269-42EA-80B2-4AAA786D1962}"
EndProject
Global
	GlobalSection(SolutionConfigurationPlatforms) = preSolution
		Debug|Any CPU = Debug|Any CPU
		Release|Any CPU = Release|Any CPU
	EndGlobalSection
	GlobalSection(ProjectConfigurationPlatforms) = postSolution
		{56F8F7A9-56F7-41DC-A921-188538615698}.Debug|Any CPU.ActiveCfg = Debug|Any CPU
		{56F8F7A9-56F7-41DC-A921-188538615698}.Debug|Any CPU.Build.0 = Debug|Any CPU
		{56F8F7A9-56F7-41DC-A921-188538615698}.Release|Any CPU.ActiveCfg = Release|Any CPU
		{56F8F7A9-56F7-41DC-A921-188538615698}.Release|Any CPU.Build.0 = Release|Any CPU
		{2470EF8D-9269-42EA-80B2-4AAA786D1962}.Debug|Any CPU.ActiveCfg = Debug|Any CPU
		{2470EF8D-9269-42EA-80B2-4AAA786D1962}.Debug|Any CPU.Build.0 = Debug|Any CPU
		{2470EF8D-9269-42EA-80B2-4AAA786D1962}.Release|Any CPU.ActiveCfg = Release|Any CPU
		{2470EF8D-9269-42EA-80B2-4AAA786D1962}.Release|Any CPU.Build.0 = Release|Any CPU
	EndGlobalSection
	GlobalSection(SolutionProperties) = preSolution
		HideSolutionNode = FALSE
	EndGlobalSection
	GlobalSection(ExtensibilityGlobals) = postSolution
		SolutionGuid = {25FB6E2D-F093-4698-ADFE-DA7C8142DE18}
	EndGlobalSection
EndGlobal
